
Microsoft Visual Studio Solution File, Format Version 12.00
# Visual Studio 14
VisualStudioVersion = 14.0.25420.1
MinimumVisualStudioVersion = 10.0.40219.1
Project("{8BC9CEB8-8B4A-11D0-8D11-00A0C91BC942}") = "rotate_right", "Assignment1.vcxproj", "{B3E33BCE-BB28-4BEF-843F-2883482CC1CC}"
EndProject
Project("{8BC9CEB8-8B4A-11D0-8D11-00A0C91BC942}") = "armstrong", "armstrong\armstrong.vcxproj", "{8C369C62-DC43-47A8-A344-DD47409F6A33}"
EndProject
Project("{8BC9CEB8-8B4A-11D0-8D11-00A0C91BC942}") = "pyramid", "pyramid\pyramid.vcxproj", "{C2CA9668-F273-45AD-9441-3BA765EC6F6D}"
EndProject
Project("{8BC9CEB8-8B4A-11D0-8D11-00A0C91BC942}") = "palindrome", "palindrome\palindrome.vcxproj", "{D02D3E6C-A572-4E70-9339-0D6CB4F26BA7}"
EndProject
Project("{8BC9CEB8-8B4A-11D0-8D11-00A0C91BC942}") = "calculator program", "..\calculator\calculator.vcxproj", "{D9073065-A2C6-4FA3-9449-32D1F2C3FBB0}"
EndProject
Project("{8BC9CEB8-8B4A-11D0-8D11-00A0C91BC942}") = "count", "count\count.vcxproj", "{ED097A85-3B8E-4659-BEF2-E1D960AE5B10}"
EndProject
Global
	GlobalSection(SolutionConfigurationPlatforms) = preSolution
		Debug|x64 = Debug|x64
		Debug|x86 = Debug|x86
		Release|x64 = Release|x64
		Release|x86 = Release|x86
	EndGlobalSection
	GlobalSection(ProjectConfigurationPlatforms) = postSolution
		{B3E33BCE-BB28-4BEF-843F-2883482CC1CC}.Debug|x64.ActiveCfg = Debug|x64
		{B3E33BCE-BB28-4BEF-843F-2883482CC1CC}.Debug|x64.Build.0 = Debug|x64
		{B3E33BCE-BB28-4BEF-843F-2883482CC1CC}.Debug|x86.ActiveCfg = Debug|Win32
		{B3E33BCE-BB28-4BEF-843F-2883482CC1CC}.Debug|x86.Build.0 = Debug|Win32
		{B3E33BCE-BB28-4BEF-843F-2883482CC1CC}.Release|x64.ActiveCfg = Release|x64
		{B3E33BCE-BB28-4BEF-843F-2883482CC1CC}.Release|x64.Build.0 = Release|x64
		{B3E33BCE-BB28-4BEF-843F-2883482CC1CC}.Release|x86.ActiveCfg = Release|Win32
		{B3E33BCE-BB28-4BEF-843F-2883482CC1CC}.Release|x86.Build.0 = Release|Win32
		{8C369C62-DC43-47A8-A344-DD47409F6A33}.Debug|x64.ActiveCfg = Debug|x64
		{8C369C62-DC43-47A8-A344-DD47409F6A33}.Debug|x64.Build.0 = Debug|x64
		{8C369C62-DC43-47A8-A344-DD47409F6A33}.Debug|x86.ActiveCfg = Debug|Win32
		{8C369C62-DC43-47A8-A344-DD47409F6A33}.Debug|x86.Build.0 = Debug|Win32
		{8C369C62-DC43-47A8-A344-DD47409F6A33}.Release|x64.ActiveCfg = Release|x64
		{8C369C62-DC43-47A8-A344-DD47409F6A33}.Release|x64.Build.0 = Release|x64
		{8C369C62-DC43-47A8-A344-DD47409F6A33}.Release|x86.ActiveCfg = Release|Win32
		{8C369C62-DC43-47A8-A344-DD47409F6A33}.Release|x86.Build.0 = Release|Win32
		{C2CA9668-F273-45AD-9441-3BA765EC6F6D}.Debug|x64.ActiveCfg = Debug|x64
		{C2CA9668-F273-45AD-9441-3BA765EC6F6D}.Debug|x64.Build.0 = Debug|x64
		{C2CA9668-F273-45AD-9441-3BA765EC6F6D}.Debug|x86.ActiveCfg = Debug|Win32
		{C2CA9668-F273-45AD-9441-3BA765EC6F6D}.Debug|x86.Build.0 = Debug|Win32
		{C2CA9668-F273-45AD-9441-3BA765EC6F6D}.Release|x64.ActiveCfg = Release|x64
		{C2CA9668-F273-45AD-9441-3BA765EC6F6D}.Release|x64.Build.0 = Release|x64
		{C2CA9668-F273-45AD-9441-3BA765EC6F6D}.Release|x86.ActiveCfg = Release|Win32
		{C2CA9668-F273-45AD-9441-3BA765EC6F6D}.Release|x86.Build.0 = Release|Win32
		{D02D3E6C-A572-4E70-9339-0D6CB4F26BA7}.Debug|x64.ActiveCfg = Debug|x64
		{D02D3E6C-A572-4E70-9339-0D6CB4F26BA7}.Debug|x64.Build.0 = Debug|x64
		{D02D3E6C-A572-4E70-9339-0D6CB4F26BA7}.Debug|x86.ActiveCfg = Debug|Win32
		{D02D3E6C-A572-4E70-9339-0D6CB4F26BA7}.Debug|x86.Build.0 = Debug|Win32
		{D02D3E6C-A572-4E70-9339-0D6CB4F26BA7}.Release|x64.ActiveCfg = Release|x64
		{D02D3E6C-A572-4E70-9339-0D6CB4F26BA7}.Release|x64.Build.0 = Release|x64
		{D02D3E6C-A572-4E70-9339-0D6CB4F26BA7}.Release|x86.ActiveCfg = Release|Win32
		{D02D3E6C-A572-4E70-9339-0D6CB4F26BA7}.Release|x86.Build.0 = Release|Win32
		{D9073065-A2C6-4FA3-9449-32D1F2C3FBB0}.Debug|x64.ActiveCfg = Debug|x64
		{D9073065-A2C6-4FA3-9449-32D1F2C3FBB0}.Debug|x64.Build.0 = Debug|x64
		{D9073065-A2C6-4FA3-9449-32D1F2C3FBB0}.Debug|x86.ActiveCfg = Debug|Win32
		{D9073065-A2C6-4FA3-9449-32D1F2C3FBB0}.Debug|x86.Build.0 = Debug|Win32
		{D9073065-A2C6-4FA3-9449-32D1F2C3FBB0}.Release|x64.ActiveCfg = Release|x64
		{D9073065-A2C6-4FA3-9449-32D1F2C3FBB0}.Release|x64.Build.0 = Release|x64
		{D9073065-A2C6-4FA3-9449-32D1F2C3FBB0}.Release|x86.ActiveCfg = Release|Win32
		{D9073065-A2C6-4FA3-9449-32D1F2C3FBB0}.Release|x86.Build.0 = Release|Win32
		{ED097A85-3B8E-4659-BEF2-E1D960AE5B10}.Debug|x64.ActiveCfg = Debug|x64
		{ED097A85-3B8E-4659-BEF2-E1D960AE5B10}.Debug|x64.Build.0 = Debug|x64
		{ED097A85-3B8E-4659-BEF2-E1D960AE5B10}.Debug|x86.ActiveCfg = Debug|Win32
		{ED097A85-3B8E-4659-BEF2-E1D960AE5B10}.Debug|x86.Build.0 = Debug|Win32
		{ED097A85-3B8E-4659-BEF2-E1D960AE5B10}.Release|x64.ActiveCfg = Release|x64
		{ED097A85-3B8E-4659-BEF2-E1D960AE5B10}.Release|x64.Build.0 = Release|x64
		{ED097A85-3B8E-4659-BEF2-E1D960AE5B10}.Release|x86.ActiveCfg = Release|Win32
		{ED097A85-3B8E-4659-BEF2-E1D960AE5B10}.Release|x86.Build.0 = Release|Win32
	EndGlobalSection
	GlobalSection(SolutionProperties) = preSolution
		HideSolutionNode = FALSE
	EndGlobalSection
EndGlobal
