
Microsoft Visual Studio Solution File, Format Version 12.00
# Visual Studio 14
VisualStudioVersion = 14.0.25420.1
MinimumVisualStudioVersion = 10.0.40219.1
Project("{8BC9CEB8-8B4A-11D0-8D11-00A0C91BC942}") = "main", "ConsoleApplication1\ConsoleApplication1.vcxproj", "{FDF52E2E-9D59-4545-9F57-70B0703615B6}"
EndProject
Project("{8BC9CEB8-8B4A-11D0-8D11-00A0C91BC942}") = "add", "add\add.vcxproj", "{8506B136-78FC-4021-915C-03F9F9640015}"
EndProject
Global
	GlobalSection(SolutionConfigurationPlatforms) = preSolution
		Debug|x64 = Debug|x64
		Debug|x86 = Debug|x86
		Release|x64 = Release|x64
		Release|x86 = Release|x86
	EndGlobalSection
	GlobalSection(ProjectConfigurationPlatforms) = postSolution
		{FDF52E2E-9D59-4545-9F57-70B0703615B6}.Debug|x64.ActiveCfg = Debug|x64
		{FDF52E2E-9D59-4545-9F57-70B0703615B6}.Debug|x64.Build.0 = Debug|x64
		{FDF52E2E-9D59-4545-9F57-70B0703615B6}.Debug|x86.ActiveCfg = Debug|Win32
		{FDF52E2E-9D59-4545-9F57-70B0703615B6}.Debug|x86.Build.0 = Debug|Win32
		{FDF52E2E-9D59-4545-9F57-70B0703615B6}.Release|x64.ActiveCfg = Release|x64
		{FDF52E2E-9D59-4545-9F57-70B0703615B6}.Release|x64.Build.0 = Release|x64
		{FDF52E2E-9D59-4545-9F57-70B0703615B6}.Release|x86.ActiveCfg = Release|Win32
		{FDF52E2E-9D59-4545-9F57-70B0703615B6}.Release|x86.Build.0 = Release|Win32
		{8506B136-78FC-4021-915C-03F9F9640015}.Debug|x64.ActiveCfg = Debug|x64
		{8506B136-78FC-4021-915C-03F9F9640015}.Debug|x64.Build.0 = Debug|x64
		{8506B136-78FC-4021-915C-03F9F9640015}.Debug|x86.ActiveCfg = Debug|Win32
		{8506B136-78FC-4021-915C-03F9F9640015}.Debug|x86.Build.0 = Debug|Win32
		{8506B136-78FC-4021-915C-03F9F9640015}.Release|x64.ActiveCfg = Release|x64
		{8506B136-78FC-4021-915C-03F9F9640015}.Release|x64.Build.0 = Release|x64
		{8506B136-78FC-4021-915C-03F9F9640015}.Release|x86.ActiveCfg = Release|Win32
		{8506B136-78FC-4021-915C-03F9F9640015}.Release|x86.Build.0 = Release|Win32
	EndGlobalSection
	GlobalSection(SolutionProperties) = preSolution
		HideSolutionNode = FALSE
	EndGlobalSection
EndGlobal
