
Microsoft Visual Studio Solution File, Format Version 12.00
# Visual Studio 14
VisualStudioVersion = 14.0.25420.1
MinimumVisualStudioVersion = 10.0.40219.1
Project("{8BC9CEB8-8B4A-11D0-8D11-00A0C91BC942}") = "count e", "Assignment4\Assignment4.vcxproj", "{425AFF4D-B687-4C11-A75E-8AF95F7B34BD}"
EndProject
Project("{8BC9CEB8-8B4A-11D0-8D11-00A0C91BC942}") = "replace space by minus", "replace space by minus\replace space by minus.vcxproj", "{8D071F52-8DC3-4D29-AA9D-B372D6ADB6AF}"
EndProject
Global
	GlobalSection(SolutionConfigurationPlatforms) = preSolution
		Debug|x64 = Debug|x64
		Debug|x86 = Debug|x86
		Release|x64 = Release|x64
		Release|x86 = Release|x86
	EndGlobalSection
	GlobalSection(ProjectConfigurationPlatforms) = postSolution
		{425AFF4D-B687-4C11-A75E-8AF95F7B34BD}.Debug|x64.ActiveCfg = Debug|x64
		{425AFF4D-B687-4C11-A75E-8AF95F7B34BD}.Debug|x64.Build.0 = Debug|x64
		{425AFF4D-B687-4C11-A75E-8AF95F7B34BD}.Debug|x86.ActiveCfg = Debug|Win32
		{425AFF4D-B687-4C11-A75E-8AF95F7B34BD}.Debug|x86.Build.0 = Debug|Win32
		{425AFF4D-B687-4C11-A75E-8AF95F7B34BD}.Release|x64.ActiveCfg = Release|x64
		{425AFF4D-B687-4C11-A75E-8AF95F7B34BD}.Release|x64.Build.0 = Release|x64
		{425AFF4D-B687-4C11-A75E-8AF95F7B34BD}.Release|x86.ActiveCfg = Release|Win32
		{425AFF4D-B687-4C11-A75E-8AF95F7B34BD}.Release|x86.Build.0 = Release|Win32
		{8D071F52-8DC3-4D29-AA9D-B372D6ADB6AF}.Debug|x64.ActiveCfg = Debug|x64
		{8D071F52-8DC3-4D29-AA9D-B372D6ADB6AF}.Debug|x64.Build.0 = Debug|x64
		{8D071F52-8DC3-4D29-AA9D-B372D6ADB6AF}.Debug|x86.ActiveCfg = Debug|Win32
		{8D071F52-8DC3-4D29-AA9D-B372D6ADB6AF}.Debug|x86.Build.0 = Debug|Win32
		{8D071F52-8DC3-4D29-AA9D-B372D6ADB6AF}.Release|x64.ActiveCfg = Release|x64
		{8D071F52-8DC3-4D29-AA9D-B372D6ADB6AF}.Release|x64.Build.0 = Release|x64
		{8D071F52-8DC3-4D29-AA9D-B372D6ADB6AF}.Release|x86.ActiveCfg = Release|Win32
		{8D071F52-8DC3-4D29-AA9D-B372D6ADB6AF}.Release|x86.Build.0 = Release|Win32
	EndGlobalSection
	GlobalSection(SolutionProperties) = preSolution
		HideSolutionNode = FALSE
	EndGlobalSection
EndGlobal
