
Microsoft Visual Studio Solution File, Format Version 12.00
# Visual Studio 14
VisualStudioVersion = 14.0.25420.1
MinimumVisualStudioVersion = 10.0.40219.1
Project("{8BC9CEB8-8B4A-11D0-8D11-00A0C91BC942}") = "count e", "Assignment4\Assignment4.vcxproj", "{425AFF4D-B687-4C11-A75E-8AF95F7B34BD}"
EndProject
Project("{8BC9CEB8-8B4A-11D0-8D11-00A0C91BC942}") = "replace space by minus", "replace space by minus\replace space by minus.vcxproj", "{8D071F52-8DC3-4D29-AA9D-B372D6ADB6AF}"
EndProject
Project("{8BC9CEB8-8B4A-11D0-8D11-00A0C91BC942}") = "lower to upper and upper to lower", "lower to upper\lower to upper.vcxproj", "{2C3877FC-9321-4F12-976E-CFC31F4895AF}"
EndProject
Project("{8BC9CEB8-8B4A-11D0-8D11-00A0C91BC942}") = "reverse a string using recursion", "reverse a string using recursion\reverse a string using recursion.vcxproj", "{85360B5E-0D05-4CDF-AB0F-83BA5C21B308}"
EndProject
Project("{8BC9CEB8-8B4A-11D0-8D11-00A0C91BC942}") = "sorting strings using 2D array", "sorting strings using 2D array\sorting strings using 2D array.vcxproj", "{F2E9E60A-C19A-4A32-A5B1-53F6D4456D81}"
EndProject
Project("{8BC9CEB8-8B4A-11D0-8D11-00A0C91BC942}") = "sorting strings using pointers and dynamic allocation", "sorting strings using pointers and dynamic allocation\sorting strings using pointers and dynamic allocation.vcxproj", "{70669DC3-6160-426D-BC7B-008493AB5DD6}"
EndProject
Project("{8BC9CEB8-8B4A-11D0-8D11-00A0C91BC942}") = "returning index of matched character", "returning index of matched character\returning index of matched character.vcxproj", "{A66E7AD7-EFC5-4947-967E-FCE4E67ABE2D}"
EndProject
Project("{8BC9CEB8-8B4A-11D0-8D11-00A0C91BC942}") = "deleteing a given matched character", "deleteing a given matched character\deleteing a given matched character.vcxproj", "{5BE6ADD5-E70C-4BEA-9285-163664FCB135}"
EndProject
Project("{8BC9CEB8-8B4A-11D0-8D11-00A0C91BC942}") = "comparing 2 strings and delete matched character", "comparing 2 strings and delete matched character\comparing 2 strings and delete matched character.vcxproj", "{3A2BD7BF-4095-4373-9BAF-6EC8764E1BC4}"
EndProject
Global
	GlobalSection(SolutionConfigurationPlatforms) = preSolution
		Debug|x64 = Debug|x64
		Debug|x86 = Debug|x86
		Release|x64 = Release|x64
		Release|x86 = Release|x86
	EndGlobalSection
	GlobalSection(ProjectConfigurationPlatforms) = postSolution
		{425AFF4D-B687-4C11-A75E-8AF95F7B34BD}.Debug|x64.ActiveCfg = Debug|x64
		{425AFF4D-B687-4C11-A75E-8AF95F7B34BD}.Debug|x64.Build.0 = Debug|x64
		{425AFF4D-B687-4C11-A75E-8AF95F7B34BD}.Debug|x86.ActiveCfg = Debug|Win32
		{425AFF4D-B687-4C11-A75E-8AF95F7B34BD}.Debug|x86.Build.0 = Debug|Win32
		{425AFF4D-B687-4C11-A75E-8AF95F7B34BD}.Release|x64.ActiveCfg = Release|x64
		{425AFF4D-B687-4C11-A75E-8AF95F7B34BD}.Release|x64.Build.0 = Release|x64
		{425AFF4D-B687-4C11-A75E-8AF95F7B34BD}.Release|x86.ActiveCfg = Release|Win32
		{425AFF4D-B687-4C11-A75E-8AF95F7B34BD}.Release|x86.Build.0 = Release|Win32
		{8D071F52-8DC3-4D29-AA9D-B372D6ADB6AF}.Debug|x64.ActiveCfg = Debug|x64
		{8D071F52-8DC3-4D29-AA9D-B372D6ADB6AF}.Debug|x64.Build.0 = Debug|x64
		{8D071F52-8DC3-4D29-AA9D-B372D6ADB6AF}.Debug|x86.ActiveCfg = Debug|Win32
		{8D071F52-8DC3-4D29-AA9D-B372D6ADB6AF}.Debug|x86.Build.0 = Debug|Win32
		{8D071F52-8DC3-4D29-AA9D-B372D6ADB6AF}.Release|x64.ActiveCfg = Release|x64
		{8D071F52-8DC3-4D29-AA9D-B372D6ADB6AF}.Release|x64.Build.0 = Release|x64
		{8D071F52-8DC3-4D29-AA9D-B372D6ADB6AF}.Release|x86.ActiveCfg = Release|Win32
		{8D071F52-8DC3-4D29-AA9D-B372D6ADB6AF}.Release|x86.Build.0 = Release|Win32
		{2C3877FC-9321-4F12-976E-CFC31F4895AF}.Debug|x64.ActiveCfg = Debug|x64
		{2C3877FC-9321-4F12-976E-CFC31F4895AF}.Debug|x64.Build.0 = Debug|x64
		{2C3877FC-9321-4F12-976E-CFC31F4895AF}.Debug|x86.ActiveCfg = Debug|Win32
		{2C3877FC-9321-4F12-976E-CFC31F4895AF}.Debug|x86.Build.0 = Debug|Win32
		{2C3877FC-9321-4F12-976E-CFC31F4895AF}.Release|x64.ActiveCfg = Release|x64
		{2C3877FC-9321-4F12-976E-CFC31F4895AF}.Release|x64.Build.0 = Release|x64
		{2C3877FC-9321-4F12-976E-CFC31F4895AF}.Release|x86.ActiveCfg = Release|Win32
		{2C3877FC-9321-4F12-976E-CFC31F4895AF}.Release|x86.Build.0 = Release|Win32
		{85360B5E-0D05-4CDF-AB0F-83BA5C21B308}.Debug|x64.ActiveCfg = Debug|x64
		{85360B5E-0D05-4CDF-AB0F-83BA5C21B308}.Debug|x64.Build.0 = Debug|x64
		{85360B5E-0D05-4CDF-AB0F-83BA5C21B308}.Debug|x86.ActiveCfg = Debug|Win32
		{85360B5E-0D05-4CDF-AB0F-83BA5C21B308}.Debug|x86.Build.0 = Debug|Win32
		{85360B5E-0D05-4CDF-AB0F-83BA5C21B308}.Release|x64.ActiveCfg = Release|x64
		{85360B5E-0D05-4CDF-AB0F-83BA5C21B308}.Release|x64.Build.0 = Release|x64
		{85360B5E-0D05-4CDF-AB0F-83BA5C21B308}.Release|x86.ActiveCfg = Release|Win32
		{85360B5E-0D05-4CDF-AB0F-83BA5C21B308}.Release|x86.Build.0 = Release|Win32
		{F2E9E60A-C19A-4A32-A5B1-53F6D4456D81}.Debug|x64.ActiveCfg = Debug|x64
		{F2E9E60A-C19A-4A32-A5B1-53F6D4456D81}.Debug|x64.Build.0 = Debug|x64
		{F2E9E60A-C19A-4A32-A5B1-53F6D4456D81}.Debug|x86.ActiveCfg = Debug|Win32
		{F2E9E60A-C19A-4A32-A5B1-53F6D4456D81}.Debug|x86.Build.0 = Debug|Win32
		{F2E9E60A-C19A-4A32-A5B1-53F6D4456D81}.Release|x64.ActiveCfg = Release|x64
		{F2E9E60A-C19A-4A32-A5B1-53F6D4456D81}.Release|x64.Build.0 = Release|x64
		{F2E9E60A-C19A-4A32-A5B1-53F6D4456D81}.Release|x86.ActiveCfg = Release|Win32
		{F2E9E60A-C19A-4A32-A5B1-53F6D4456D81}.Release|x86.Build.0 = Release|Win32
		{70669DC3-6160-426D-BC7B-008493AB5DD6}.Debug|x64.ActiveCfg = Debug|x64
		{70669DC3-6160-426D-BC7B-008493AB5DD6}.Debug|x64.Build.0 = Debug|x64
		{70669DC3-6160-426D-BC7B-008493AB5DD6}.Debug|x86.ActiveCfg = Debug|Win32
		{70669DC3-6160-426D-BC7B-008493AB5DD6}.Debug|x86.Build.0 = Debug|Win32
		{70669DC3-6160-426D-BC7B-008493AB5DD6}.Release|x64.ActiveCfg = Release|x64
		{70669DC3-6160-426D-BC7B-008493AB5DD6}.Release|x64.Build.0 = Release|x64
		{70669DC3-6160-426D-BC7B-008493AB5DD6}.Release|x86.ActiveCfg = Release|Win32
		{70669DC3-6160-426D-BC7B-008493AB5DD6}.Release|x86.Build.0 = Release|Win32
		{A66E7AD7-EFC5-4947-967E-FCE4E67ABE2D}.Debug|x64.ActiveCfg = Debug|x64
		{A66E7AD7-EFC5-4947-967E-FCE4E67ABE2D}.Debug|x64.Build.0 = Debug|x64
		{A66E7AD7-EFC5-4947-967E-FCE4E67ABE2D}.Debug|x86.ActiveCfg = Debug|Win32
		{A66E7AD7-EFC5-4947-967E-FCE4E67ABE2D}.Debug|x86.Build.0 = Debug|Win32
		{A66E7AD7-EFC5-4947-967E-FCE4E67ABE2D}.Release|x64.ActiveCfg = Release|x64
		{A66E7AD7-EFC5-4947-967E-FCE4E67ABE2D}.Release|x64.Build.0 = Release|x64
		{A66E7AD7-EFC5-4947-967E-FCE4E67ABE2D}.Release|x86.ActiveCfg = Release|Win32
		{A66E7AD7-EFC5-4947-967E-FCE4E67ABE2D}.Release|x86.Build.0 = Release|Win32
		{5BE6ADD5-E70C-4BEA-9285-163664FCB135}.Debug|x64.ActiveCfg = Debug|x64
		{5BE6ADD5-E70C-4BEA-9285-163664FCB135}.Debug|x64.Build.0 = Debug|x64
		{5BE6ADD5-E70C-4BEA-9285-163664FCB135}.Debug|x86.ActiveCfg = Debug|Win32
		{5BE6ADD5-E70C-4BEA-9285-163664FCB135}.Debug|x86.Build.0 = Debug|Win32
		{5BE6ADD5-E70C-4BEA-9285-163664FCB135}.Release|x64.ActiveCfg = Release|x64
		{5BE6ADD5-E70C-4BEA-9285-163664FCB135}.Release|x64.Build.0 = Release|x64
		{5BE6ADD5-E70C-4BEA-9285-163664FCB135}.Release|x86.ActiveCfg = Release|Win32
		{5BE6ADD5-E70C-4BEA-9285-163664FCB135}.Release|x86.Build.0 = Release|Win32
		{3A2BD7BF-4095-4373-9BAF-6EC8764E1BC4}.Debug|x64.ActiveCfg = Debug|x64
		{3A2BD7BF-4095-4373-9BAF-6EC8764E1BC4}.Debug|x64.Build.0 = Debug|x64
		{3A2BD7BF-4095-4373-9BAF-6EC8764E1BC4}.Debug|x86.ActiveCfg = Debug|Win32
		{3A2BD7BF-4095-4373-9BAF-6EC8764E1BC4}.Debug|x86.Build.0 = Debug|Win32
		{3A2BD7BF-4095-4373-9BAF-6EC8764E1BC4}.Release|x64.ActiveCfg = Release|x64
		{3A2BD7BF-4095-4373-9BAF-6EC8764E1BC4}.Release|x64.Build.0 = Release|x64
		{3A2BD7BF-4095-4373-9BAF-6EC8764E1BC4}.Release|x86.ActiveCfg = Release|Win32
		{3A2BD7BF-4095-4373-9BAF-6EC8764E1BC4}.Release|x86.Build.0 = Release|Win32
	EndGlobalSection
	GlobalSection(SolutionProperties) = preSolution
		HideSolutionNode = FALSE
	EndGlobalSection
EndGlobal
